// !$*UTF8*$!
{
	archiveVersion = 1;
	classes = {
	};
	objectVersion = 56;
	objects = {

/* Begin PBXBuildFile section */
		0E06851D2B71206F00CEAD88 /* Preview Assets.xcassets in Resources */ = {isa = PBXBuildFile; fileRef = 0E06851C2B71206F00CEAD88 /* Preview Assets.xcassets */; };
		0E0685582B7129AA00CEAD88 /* URLSessionHTTPClient.swift in Sources */ = {isa = PBXBuildFile; fileRef = 0E0685512B7129AA00CEAD88 /* URLSessionHTTPClient.swift */; };
		0E0685592B7129AA00CEAD88 /* HTTPClient.swift in Sources */ = {isa = PBXBuildFile; fileRef = 0E0685522B7129AA00CEAD88 /* HTTPClient.swift */; };
		0E06855A2B7129AA00CEAD88 /* Assets.xcassets in Resources */ = {isa = PBXBuildFile; fileRef = 0E0685542B7129AA00CEAD88 /* Assets.xcassets */; };
		0E06855B2B7129AA00CEAD88 /* Meal_AppApp.swift in Sources */ = {isa = PBXBuildFile; fileRef = 0E0685562B7129AA00CEAD88 /* Meal_AppApp.swift */; };
		0E06855C2B7129AA00CEAD88 /* ContentView.swift in Sources */ = {isa = PBXBuildFile; fileRef = 0E0685572B7129AA00CEAD88 /* ContentView.swift */; };
		0E0685622B7129D300CEAD88 /* XCTestCase+MemoryLeakTracking.swift in Sources */ = {isa = PBXBuildFile; fileRef = 0E06855E2B7129D300CEAD88 /* XCTestCase+MemoryLeakTracking.swift */; };
		0E0685632B7129D300CEAD88 /* URLProtocolStub.swift in Sources */ = {isa = PBXBuildFile; fileRef = 0E0685602B7129D300CEAD88 /* URLProtocolStub.swift */; };
		0E0685642B7129D300CEAD88 /* URLSessionHTTPClientTests.swift in Sources */ = {isa = PBXBuildFile; fileRef = 0E0685612B7129D300CEAD88 /* URLSessionHTTPClientTests.swift */; };
		0E5D83102B713A27001CF73F /* MealItem.swift in Sources */ = {isa = PBXBuildFile; fileRef = 0E5D830F2B713A27001CF73F /* MealItem.swift */; };
		0E5D83122B713CCF001CF73F /* SearchMealListLoader.swift in Sources */ = {isa = PBXBuildFile; fileRef = 0E5D83112B713CCF001CF73F /* SearchMealListLoader.swift */; };
		0E5D83142B713DD7001CF73F /* MealItemDto.swift in Sources */ = {isa = PBXBuildFile; fileRef = 0E5D83132B713DD7001CF73F /* MealItemDto.swift */; };
		0E5D83172B7140B3001CF73F /* SearchMealListFromRemoteUseCaseTests.swift in Sources */ = {isa = PBXBuildFile; fileRef = 0E5D83162B7140B3001CF73F /* SearchMealListFromRemoteUseCaseTests.swift */; };
		0E5D83192B71421E001CF73F /* RemoteSearchMealListLoader.swift in Sources */ = {isa = PBXBuildFile; fileRef = 0E5D83182B71421E001CF73F /* RemoteSearchMealListLoader.swift */; };
		0E5D831B2B71432E001CF73F /* MealListItemMapper.swift in Sources */ = {isa = PBXBuildFile; fileRef = 0E5D831A2B71432E001CF73F /* MealListItemMapper.swift */; };
		0E5D83202B7176CE001CF73F /* MealSearchView.swift in Sources */ = {isa = PBXBuildFile; fileRef = 0E5D831F2B7176CE001CF73F /* MealSearchView.swift */; };
		0E5D83222B717704001CF73F /* MealSearchViewModel.swift in Sources */ = {isa = PBXBuildFile; fileRef = 0E5D83212B717704001CF73F /* MealSearchViewModel.swift */; };
/* End PBXBuildFile section */

/* Begin PBXContainerItemProxy section */
		0E0685232B71206F00CEAD88 /* PBXContainerItemProxy */ = {
			isa = PBXContainerItemProxy;
			containerPortal = 0E06850A2B71206E00CEAD88 /* Project object */;
			proxyType = 1;
			remoteGlobalIDString = 0E0685112B71206E00CEAD88;
			remoteInfo = "Meal-App";
		};
/* End PBXContainerItemProxy section */

/* Begin PBXFileReference section */
		0E0685122B71206E00CEAD88 /* Meal-App.app */ = {isa = PBXFileReference; explicitFileType = wrapper.application; includeInIndex = 0; path = "Meal-App.app"; sourceTree = BUILT_PRODUCTS_DIR; };
		0E06851C2B71206F00CEAD88 /* Preview Assets.xcassets */ = {isa = PBXFileReference; lastKnownFileType = folder.assetcatalog; path = "Preview Assets.xcassets"; sourceTree = "<group>"; };
		0E0685222B71206F00CEAD88 /* Meal-AppTests.xctest */ = {isa = PBXFileReference; explicitFileType = wrapper.cfbundle; includeInIndex = 0; path = "Meal-AppTests.xctest"; sourceTree = BUILT_PRODUCTS_DIR; };
		0E0685512B7129AA00CEAD88 /* URLSessionHTTPClient.swift */ = {isa = PBXFileReference; fileEncoding = 4; lastKnownFileType = sourcecode.swift; path = URLSessionHTTPClient.swift; sourceTree = "<group>"; };
		0E0685522B7129AA00CEAD88 /* HTTPClient.swift */ = {isa = PBXFileReference; fileEncoding = 4; lastKnownFileType = sourcecode.swift; path = HTTPClient.swift; sourceTree = "<group>"; };
		0E0685542B7129AA00CEAD88 /* Assets.xcassets */ = {isa = PBXFileReference; lastKnownFileType = folder.assetcatalog; path = Assets.xcassets; sourceTree = "<group>"; };
		0E0685562B7129AA00CEAD88 /* Meal_AppApp.swift */ = {isa = PBXFileReference; fileEncoding = 4; lastKnownFileType = sourcecode.swift; path = Meal_AppApp.swift; sourceTree = "<group>"; };
		0E0685572B7129AA00CEAD88 /* ContentView.swift */ = {isa = PBXFileReference; fileEncoding = 4; lastKnownFileType = sourcecode.swift; path = ContentView.swift; sourceTree = "<group>"; };
		0E06855E2B7129D300CEAD88 /* XCTestCase+MemoryLeakTracking.swift */ = {isa = PBXFileReference; fileEncoding = 4; lastKnownFileType = sourcecode.swift; path = "XCTestCase+MemoryLeakTracking.swift"; sourceTree = "<group>"; };
		0E0685602B7129D300CEAD88 /* URLProtocolStub.swift */ = {isa = PBXFileReference; fileEncoding = 4; lastKnownFileType = sourcecode.swift; path = URLProtocolStub.swift; sourceTree = "<group>"; };
		0E0685612B7129D300CEAD88 /* URLSessionHTTPClientTests.swift */ = {isa = PBXFileReference; fileEncoding = 4; lastKnownFileType = sourcecode.swift; path = URLSessionHTTPClientTests.swift; sourceTree = "<group>"; };
		0E0685652B712A8C00CEAD88 /* Meal-App.xctestplan */ = {isa = PBXFileReference; lastKnownFileType = text; path = "Meal-App.xctestplan"; sourceTree = "<group>"; };
		0E5D830F2B713A27001CF73F /* MealItem.swift */ = {isa = PBXFileReference; lastKnownFileType = sourcecode.swift; path = MealItem.swift; sourceTree = "<group>"; };
		0E5D83112B713CCF001CF73F /* SearchMealListLoader.swift */ = {isa = PBXFileReference; lastKnownFileType = sourcecode.swift; path = SearchMealListLoader.swift; sourceTree = "<group>"; };
		0E5D83132B713DD7001CF73F /* MealItemDto.swift */ = {isa = PBXFileReference; lastKnownFileType = sourcecode.swift; path = MealItemDto.swift; sourceTree = "<group>"; };
		0E5D83162B7140B3001CF73F /* SearchMealListFromRemoteUseCaseTests.swift */ = {isa = PBXFileReference; lastKnownFileType = sourcecode.swift; path = SearchMealListFromRemoteUseCaseTests.swift; sourceTree = "<group>"; };
		0E5D83182B71421E001CF73F /* RemoteSearchMealListLoader.swift */ = {isa = PBXFileReference; lastKnownFileType = sourcecode.swift; path = RemoteSearchMealListLoader.swift; sourceTree = "<group>"; };
		0E5D831A2B71432E001CF73F /* MealListItemMapper.swift */ = {isa = PBXFileReference; lastKnownFileType = sourcecode.swift; path = MealListItemMapper.swift; sourceTree = "<group>"; };
		0E5D831F2B7176CE001CF73F /* MealSearchView.swift */ = {isa = PBXFileReference; lastKnownFileType = sourcecode.swift; path = MealSearchView.swift; sourceTree = "<group>"; };
		0E5D83212B717704001CF73F /* MealSearchViewModel.swift */ = {isa = PBXFileReference; lastKnownFileType = sourcecode.swift; path = MealSearchViewModel.swift; sourceTree = "<group>"; };
/* End PBXFileReference section */

/* Begin PBXFrameworksBuildPhase section */
		0E06850F2B71206E00CEAD88 /* Frameworks */ = {
			isa = PBXFrameworksBuildPhase;
			buildActionMask = 2147483647;
			files = (
			);
			runOnlyForDeploymentPostprocessing = 0;
		};
		0E06851F2B71206F00CEAD88 /* Frameworks */ = {
			isa = PBXFrameworksBuildPhase;
			buildActionMask = 2147483647;
			files = (
			);
			runOnlyForDeploymentPostprocessing = 0;
		};
/* End PBXFrameworksBuildPhase section */

/* Begin PBXGroup section */
		0E0685092B71206E00CEAD88 = {
			isa = PBXGroup;
			children = (
				0E0685142B71206E00CEAD88 /* Meal-App */,
				0E0685252B71206F00CEAD88 /* Meal-AppTests */,
				0E0685132B71206E00CEAD88 /* Products */,
			);
			sourceTree = "<group>";
		};
		0E0685132B71206E00CEAD88 /* Products */ = {
			isa = PBXGroup;
			children = (
				0E0685122B71206E00CEAD88 /* Meal-App.app */,
				0E0685222B71206F00CEAD88 /* Meal-AppTests.xctest */,
			);
			name = Products;
			sourceTree = "<group>";
		};
		0E0685142B71206E00CEAD88 /* Meal-App */ = {
			isa = PBXGroup;
			children = (
				0E5D830C2B713868001CF73F /* MealSearch */,
				0E0685552B7129AA00CEAD88 /* App */,
				0E0685502B7129AA00CEAD88 /* Network */,
				0E0685532B7129AA00CEAD88 /* Resources */,
				0E06851B2B71206F00CEAD88 /* Preview Content */,
			);
			path = "Meal-App";
			sourceTree = "<group>";
		};
		0E06851B2B71206F00CEAD88 /* Preview Content */ = {
			isa = PBXGroup;
			children = (
				0E06851C2B71206F00CEAD88 /* Preview Assets.xcassets */,
			);
			path = "Preview Content";
			sourceTree = "<group>";
		};
		0E0685252B71206F00CEAD88 /* Meal-AppTests */ = {
			isa = PBXGroup;
			children = (
				0E5D83152B714097001CF73F /* MealSearch */,
				0E06855D2B7129D300CEAD88 /* Helpers */,
				0E06855F2B7129D300CEAD88 /* Network */,
			);
			path = "Meal-AppTests";
			sourceTree = "<group>";
		};
		0E0685502B7129AA00CEAD88 /* Network */ = {
			isa = PBXGroup;
			children = (
				0E0685512B7129AA00CEAD88 /* URLSessionHTTPClient.swift */,
				0E0685522B7129AA00CEAD88 /* HTTPClient.swift */,
			);
			path = Network;
			sourceTree = "<group>";
		};
		0E0685532B7129AA00CEAD88 /* Resources */ = {
			isa = PBXGroup;
			children = (
				0E0685652B712A8C00CEAD88 /* Meal-App.xctestplan */,
				0E0685542B7129AA00CEAD88 /* Assets.xcassets */,
			);
			path = Resources;
			sourceTree = "<group>";
		};
		0E0685552B7129AA00CEAD88 /* App */ = {
			isa = PBXGroup;
			children = (
				0E0685562B7129AA00CEAD88 /* Meal_AppApp.swift */,
				0E0685572B7129AA00CEAD88 /* ContentView.swift */,
			);
			path = App;
			sourceTree = "<group>";
		};
		0E06855D2B7129D300CEAD88 /* Helpers */ = {
			isa = PBXGroup;
			children = (
				0E06855E2B7129D300CEAD88 /* XCTestCase+MemoryLeakTracking.swift */,
			);
			path = Helpers;
			sourceTree = "<group>";
		};
		0E06855F2B7129D300CEAD88 /* Network */ = {
			isa = PBXGroup;
			children = (
				0E0685602B7129D300CEAD88 /* URLProtocolStub.swift */,
				0E0685612B7129D300CEAD88 /* URLSessionHTTPClientTests.swift */,
			);
			path = Network;
			sourceTree = "<group>";
		};
		0E5D830C2B713868001CF73F /* MealSearch */ = {
			isa = PBXGroup;
			children = (
				0E5D831E2B717650001CF73F /* Presentation */,
				0E5D830E2B71389E001CF73F /* Feature */,
				0E5D830D2B713894001CF73F /* Api */,
			);
			path = MealSearch;
			sourceTree = "<group>";
		};
		0E5D830D2B713894001CF73F /* Api */ = {
			isa = PBXGroup;
			children = (
				0E5D83132B713DD7001CF73F /* MealItemDto.swift */,
				0E5D83182B71421E001CF73F /* RemoteSearchMealListLoader.swift */,
				0E5D831A2B71432E001CF73F /* MealListItemMapper.swift */,
			);
			path = Api;
			sourceTree = "<group>";
		};
		0E5D830E2B71389E001CF73F /* Feature */ = {
			isa = PBXGroup;
			children = (
				0E5D830F2B713A27001CF73F /* MealItem.swift */,
				0E5D83112B713CCF001CF73F /* SearchMealListLoader.swift */,
			);
			path = Feature;
			sourceTree = "<group>";
		};
		0E5D83152B714097001CF73F /* MealSearch */ = {
			isa = PBXGroup;
			children = (
				0E5D83162B7140B3001CF73F /* SearchMealListFromRemoteUseCaseTests.swift */,
			);
			path = MealSearch;
			sourceTree = "<group>";
		};
		0E5D831E2B717650001CF73F /* Presentation */ = {
			isa = PBXGroup;
			children = (
				0E5D831F2B7176CE001CF73F /* MealSearchView.swift */,
				0E5D83212B717704001CF73F /* MealSearchViewModel.swift */,
			);
			path = Presentation;
			sourceTree = "<group>";
		};
/* End PBXGroup section */

/* Begin PBXNativeTarget section */
		0E0685112B71206E00CEAD88 /* Meal-App */ = {
			isa = PBXNativeTarget;
			buildConfigurationList = 0E0685362B71206F00CEAD88 /* Build configuration list for PBXNativeTarget "Meal-App" */;
			buildPhases = (
				0E06850E2B71206E00CEAD88 /* Sources */,
				0E06850F2B71206E00CEAD88 /* Frameworks */,
				0E0685102B71206E00CEAD88 /* Resources */,
			);
			buildRules = (
			);
			dependencies = (
			);
			name = "Meal-App";
			productName = "Meal-App";
			productReference = 0E0685122B71206E00CEAD88 /* Meal-App.app */;
			productType = "com.apple.product-type.application";
		};
		0E0685212B71206F00CEAD88 /* Meal-AppTests */ = {
			isa = PBXNativeTarget;
			buildConfigurationList = 0E0685392B71206F00CEAD88 /* Build configuration list for PBXNativeTarget "Meal-AppTests" */;
			buildPhases = (
				0E06851E2B71206F00CEAD88 /* Sources */,
				0E06851F2B71206F00CEAD88 /* Frameworks */,
				0E0685202B71206F00CEAD88 /* Resources */,
			);
			buildRules = (
			);
			dependencies = (
				0E0685242B71206F00CEAD88 /* PBXTargetDependency */,
			);
			name = "Meal-AppTests";
			productName = "Meal-AppTests";
			productReference = 0E0685222B71206F00CEAD88 /* Meal-AppTests.xctest */;
			productType = "com.apple.product-type.bundle.unit-test";
		};
/* End PBXNativeTarget section */

/* Begin PBXProject section */
		0E06850A2B71206E00CEAD88 /* Project object */ = {
			isa = PBXProject;
			attributes = {
				BuildIndependentTargetsInParallel = 1;
				LastSwiftUpdateCheck = 1520;
				LastUpgradeCheck = 1520;
				TargetAttributes = {
					0E0685112B71206E00CEAD88 = {
						CreatedOnToolsVersion = 15.2;
					};
					0E0685212B71206F00CEAD88 = {
						CreatedOnToolsVersion = 15.2;
						TestTargetID = 0E0685112B71206E00CEAD88;
					};
				};
			};
			buildConfigurationList = 0E06850D2B71206E00CEAD88 /* Build configuration list for PBXProject "Meal-App" */;
			compatibilityVersion = "Xcode 14.0";
			developmentRegion = en;
			hasScannedForEncodings = 0;
			knownRegions = (
				en,
				Base,
			);
			mainGroup = 0E0685092B71206E00CEAD88;
			productRefGroup = 0E0685132B71206E00CEAD88 /* Products */;
			projectDirPath = "";
			projectRoot = "";
			targets = (
				0E0685112B71206E00CEAD88 /* Meal-App */,
				0E0685212B71206F00CEAD88 /* Meal-AppTests */,
			);
		};
/* End PBXProject section */

/* Begin PBXResourcesBuildPhase section */
		0E0685102B71206E00CEAD88 /* Resources */ = {
			isa = PBXResourcesBuildPhase;
			buildActionMask = 2147483647;
			files = (
				0E06851D2B71206F00CEAD88 /* Preview Assets.xcassets in Resources */,
				0E06855A2B7129AA00CEAD88 /* Assets.xcassets in Resources */,
			);
			runOnlyForDeploymentPostprocessing = 0;
		};
		0E0685202B71206F00CEAD88 /* Resources */ = {
			isa = PBXResourcesBuildPhase;
			buildActionMask = 2147483647;
			files = (
			);
			runOnlyForDeploymentPostprocessing = 0;
		};
/* End PBXResourcesBuildPhase section */

/* Begin PBXSourcesBuildPhase section */
		0E06850E2B71206E00CEAD88 /* Sources */ = {
			isa = PBXSourcesBuildPhase;
			buildActionMask = 2147483647;
			files = (
				0E5D83142B713DD7001CF73F /* MealItemDto.swift in Sources */,
				0E5D83222B717704001CF73F /* MealSearchViewModel.swift in Sources */,
				0E06855C2B7129AA00CEAD88 /* ContentView.swift in Sources */,
				0E0685592B7129AA00CEAD88 /* HTTPClient.swift in Sources */,
				0E5D83202B7176CE001CF73F /* MealSearchView.swift in Sources */,
				0E5D83122B713CCF001CF73F /* SearchMealListLoader.swift in Sources */,
				0E5D83102B713A27001CF73F /* MealItem.swift in Sources */,
				0E06855B2B7129AA00CEAD88 /* Meal_AppApp.swift in Sources */,
				0E5D83192B71421E001CF73F /* RemoteSearchMealListLoader.swift in Sources */,
				0E5D831B2B71432E001CF73F /* MealListItemMapper.swift in Sources */,
				0E0685582B7129AA00CEAD88 /* URLSessionHTTPClient.swift in Sources */,
			);
			runOnlyForDeploymentPostprocessing = 0;
		};
		0E06851E2B71206F00CEAD88 /* Sources */ = {
			isa = PBXSourcesBuildPhase;
			buildActionMask = 2147483647;
			files = (
				0E5D83172B7140B3001CF73F /* SearchMealListFromRemoteUseCaseTests.swift in Sources */,
				0E0685632B7129D300CEAD88 /* URLProtocolStub.swift in Sources */,
				0E0685622B7129D300CEAD88 /* XCTestCase+MemoryLeakTracking.swift in Sources */,
				0E0685642B7129D300CEAD88 /* URLSessionHTTPClientTests.swift in Sources */,
			);
			runOnlyForDeploymentPostprocessing = 0;
		};
/* End PBXSourcesBuildPhase section */

/* Begin PBXTargetDependency section */
		0E0685242B71206F00CEAD88 /* PBXTargetDependency */ = {
			isa = PBXTargetDependency;
			target = 0E0685112B71206E00CEAD88 /* Meal-App */;
			targetProxy = 0E0685232B71206F00CEAD88 /* PBXContainerItemProxy */;
		};
/* End PBXTargetDependency section */

/* Begin XCBuildConfiguration section */
		0E0685342B71206F00CEAD88 /* Debug */ = {
			isa = XCBuildConfiguration;
			buildSettings = {
				ALWAYS_SEARCH_USER_PATHS = NO;
				ASSETCATALOG_COMPILER_GENERATE_SWIFT_ASSET_SYMBOL_EXTENSIONS = YES;
				CLANG_ANALYZER_NONNULL = YES;
				CLANG_ANALYZER_NUMBER_OBJECT_CONVERSION = YES_AGGRESSIVE;
				CLANG_CXX_LANGUAGE_STANDARD = "gnu++20";
				CLANG_ENABLE_MODULES = YES;
				CLANG_ENABLE_OBJC_ARC = YES;
				CLANG_ENABLE_OBJC_WEAK = YES;
				CLANG_WARN_BLOCK_CAPTURE_AUTORELEASING = YES;
				CLANG_WARN_BOOL_CONVERSION = YES;
				CLANG_WARN_COMMA = YES;
				CLANG_WARN_CONSTANT_CONVERSION = YES;
				CLANG_WARN_DEPRECATED_OBJC_IMPLEMENTATIONS = YES;
				CLANG_WARN_DIRECT_OBJC_ISA_USAGE = YES_ERROR;
				CLANG_WARN_DOCUMENTATION_COMMENTS = YES;
				CLANG_WARN_EMPTY_BODY = YES;
				CLANG_WARN_ENUM_CONVERSION = YES;
				CLANG_WARN_INFINITE_RECURSION = YES;
				CLANG_WARN_INT_CONVERSION = YES;
				CLANG_WARN_NON_LITERAL_NULL_CONVERSION = YES;
				CLANG_WARN_OBJC_IMPLICIT_RETAIN_SELF = YES;
				CLANG_WARN_OBJC_LITERAL_CONVERSION = YES;
				CLANG_WARN_OBJC_ROOT_CLASS = YES_ERROR;
				CLANG_WARN_QUOTED_INCLUDE_IN_FRAMEWORK_HEADER = YES;
				CLANG_WARN_RANGE_LOOP_ANALYSIS = YES;
				CLANG_WARN_STRICT_PROTOTYPES = YES;
				CLANG_WARN_SUSPICIOUS_MOVE = YES;
				CLANG_WARN_UNGUARDED_AVAILABILITY = YES_AGGRESSIVE;
				CLANG_WARN_UNREACHABLE_CODE = YES;
				CLANG_WARN__DUPLICATE_METHOD_MATCH = YES;
				COPY_PHASE_STRIP = NO;
				DEBUG_INFORMATION_FORMAT = dwarf;
				ENABLE_STRICT_OBJC_MSGSEND = YES;
				ENABLE_TESTABILITY = YES;
				ENABLE_USER_SCRIPT_SANDBOXING = YES;
				GCC_C_LANGUAGE_STANDARD = gnu17;
				GCC_DYNAMIC_NO_PIC = NO;
				GCC_NO_COMMON_BLOCKS = YES;
				GCC_OPTIMIZATION_LEVEL = 0;
				GCC_PREPROCESSOR_DEFINITIONS = (
					"DEBUG=1",
					"$(inherited)",
				);
				GCC_WARN_64_TO_32_BIT_CONVERSION = YES;
				GCC_WARN_ABOUT_RETURN_TYPE = YES_ERROR;
				GCC_WARN_UNDECLARED_SELECTOR = YES;
				GCC_WARN_UNINITIALIZED_AUTOS = YES_AGGRESSIVE;
				GCC_WARN_UNUSED_FUNCTION = YES;
				GCC_WARN_UNUSED_VARIABLE = YES;
				IPHONEOS_DEPLOYMENT_TARGET = 17.2;
				LOCALIZATION_PREFERS_STRING_CATALOGS = YES;
				MTL_ENABLE_DEBUG_INFO = INCLUDE_SOURCE;
				MTL_FAST_MATH = YES;
				ONLY_ACTIVE_ARCH = YES;
				SDKROOT = iphoneos;
				SWIFT_ACTIVE_COMPILATION_CONDITIONS = "DEBUG $(inherited)";
				SWIFT_OPTIMIZATION_LEVEL = "-Onone";
			};
			name = Debug;
		};
		0E0685352B71206F00CEAD88 /* Release */ = {
			isa = XCBuildConfiguration;
			buildSettings = {
				ALWAYS_SEARCH_USER_PATHS = NO;
				ASSETCATALOG_COMPILER_GENERATE_SWIFT_ASSET_SYMBOL_EXTENSIONS = YES;
				CLANG_ANALYZER_NONNULL = YES;
				CLANG_ANALYZER_NUMBER_OBJECT_CONVERSION = YES_AGGRESSIVE;
				CLANG_CXX_LANGUAGE_STANDARD = "gnu++20";
				CLANG_ENABLE_MODULES = YES;
				CLANG_ENABLE_OBJC_ARC = YES;
				CLANG_ENABLE_OBJC_WEAK = YES;
				CLANG_WARN_BLOCK_CAPTURE_AUTORELEASING = YES;
				CLANG_WARN_BOOL_CONVERSION = YES;
				CLANG_WARN_COMMA = YES;
				CLANG_WARN_CONSTANT_CONVERSION = YES;
				CLANG_WARN_DEPRECATED_OBJC_IMPLEMENTATIONS = YES;
				CLANG_WARN_DIRECT_OBJC_ISA_USAGE = YES_ERROR;
				CLANG_WARN_DOCUMENTATION_COMMENTS = YES;
				CLANG_WARN_EMPTY_BODY = YES;
				CLANG_WARN_ENUM_CONVERSION = YES;
				CLANG_WARN_INFINITE_RECURSION = YES;
				CLANG_WARN_INT_CONVERSION = YES;
				CLANG_WARN_NON_LITERAL_NULL_CONVERSION = YES;
				CLANG_WARN_OBJC_IMPLICIT_RETAIN_SELF = YES;
				CLANG_WARN_OBJC_LITERAL_CONVERSION = YES;
				CLANG_WARN_OBJC_ROOT_CLASS = YES_ERROR;
				CLANG_WARN_QUOTED_INCLUDE_IN_FRAMEWORK_HEADER = YES;
				CLANG_WARN_RANGE_LOOP_ANALYSIS = YES;
				CLANG_WARN_STRICT_PROTOTYPES = YES;
				CLANG_WARN_SUSPICIOUS_MOVE = YES;
				CLANG_WARN_UNGUARDED_AVAILABILITY = YES_AGGRESSIVE;
				CLANG_WARN_UNREACHABLE_CODE = YES;
				CLANG_WARN__DUPLICATE_METHOD_MATCH = YES;
				COPY_PHASE_STRIP = NO;
				DEBUG_INFORMATION_FORMAT = "dwarf-with-dsym";
				ENABLE_NS_ASSERTIONS = NO;
				ENABLE_STRICT_OBJC_MSGSEND = YES;
				ENABLE_USER_SCRIPT_SANDBOXING = YES;
				GCC_C_LANGUAGE_STANDARD = gnu17;
				GCC_NO_COMMON_BLOCKS = YES;
				GCC_WARN_64_TO_32_BIT_CONVERSION = YES;
				GCC_WARN_ABOUT_RETURN_TYPE = YES_ERROR;
				GCC_WARN_UNDECLARED_SELECTOR = YES;
				GCC_WARN_UNINITIALIZED_AUTOS = YES_AGGRESSIVE;
				GCC_WARN_UNUSED_FUNCTION = YES;
				GCC_WARN_UNUSED_VARIABLE = YES;
				IPHONEOS_DEPLOYMENT_TARGET = 17.2;
				LOCALIZATION_PREFERS_STRING_CATALOGS = YES;
				MTL_ENABLE_DEBUG_INFO = NO;
				MTL_FAST_MATH = YES;
				SDKROOT = iphoneos;
				SWIFT_COMPILATION_MODE = wholemodule;
				VALIDATE_PRODUCT = YES;
			};
			name = Release;
		};
		0E0685372B71206F00CEAD88 /* Debug */ = {
			isa = XCBuildConfiguration;
			buildSettings = {
				ASSETCATALOG_COMPILER_APPICON_NAME = AppIcon;
				ASSETCATALOG_COMPILER_GLOBAL_ACCENT_COLOR_NAME = AccentColor;
				CODE_SIGN_STYLE = Automatic;
				CURRENT_PROJECT_VERSION = 1;
				DEVELOPMENT_ASSET_PATHS = "\"Meal-App/Preview Content\"";
				ENABLE_PREVIEWS = YES;
				GENERATE_INFOPLIST_FILE = YES;
				INFOPLIST_KEY_UIApplicationSceneManifest_Generation = YES;
				INFOPLIST_KEY_UIApplicationSupportsIndirectInputEvents = YES;
				INFOPLIST_KEY_UILaunchScreen_Generation = YES;
				INFOPLIST_KEY_UISupportedInterfaceOrientations_iPad = "UIInterfaceOrientationPortrait UIInterfaceOrientationPortraitUpsideDown UIInterfaceOrientationLandscapeLeft UIInterfaceOrientationLandscapeRight";
				INFOPLIST_KEY_UISupportedInterfaceOrientations_iPhone = "UIInterfaceOrientationPortrait UIInterfaceOrientationLandscapeLeft UIInterfaceOrientationLandscapeRight";
				LD_RUNPATH_SEARCH_PATHS = (
					"$(inherited)",
					"@executable_path/Frameworks",
				);
				MARKETING_VERSION = 1.0;
				PRODUCT_BUNDLE_IDENTIFIER = "com.sample.Meal-App";
				PRODUCT_NAME = "$(TARGET_NAME)";
				SWIFT_EMIT_LOC_STRINGS = YES;
				SWIFT_VERSION = 5.0;
				TARGETED_DEVICE_FAMILY = "1,2";
			};
			name = Debug;
		};
		0E0685382B71206F00CEAD88 /* Release */ = {
			isa = XCBuildConfiguration;
			buildSettings = {
				ASSETCATALOG_COMPILER_APPICON_NAME = AppIcon;
				ASSETCATALOG_COMPILER_GLOBAL_ACCENT_COLOR_NAME = AccentColor;
				CODE_SIGN_STYLE = Automatic;
				CURRENT_PROJECT_VERSION = 1;
				DEVELOPMENT_ASSET_PATHS = "\"Meal-App/Preview Content\"";
				ENABLE_PREVIEWS = YES;
				GENERATE_INFOPLIST_FILE = YES;
				INFOPLIST_KEY_UIApplicationSceneManifest_Generation = YES;
				INFOPLIST_KEY_UIApplicationSupportsIndirectInputEvents = YES;
				INFOPLIST_KEY_UILaunchScreen_Generation = YES;
				INFOPLIST_KEY_UISupportedInterfaceOrientations_iPad = "UIInterfaceOrientationPortrait UIInterfaceOrientationPortraitUpsideDown UIInterfaceOrientationLandscapeLeft UIInterfaceOrientationLandscapeRight";
				INFOPLIST_KEY_UISupportedInterfaceOrientations_iPhone = "UIInterfaceOrientationPortrait UIInterfaceOrientationLandscapeLeft UIInterfaceOrientationLandscapeRight";
				LD_RUNPATH_SEARCH_PATHS = (
					"$(inherited)",
					"@executable_path/Frameworks",
				);
				MARKETING_VERSION = 1.0;
				PRODUCT_BUNDLE_IDENTIFIER = "com.sample.Meal-App";
				PRODUCT_NAME = "$(TARGET_NAME)";
				SWIFT_EMIT_LOC_STRINGS = YES;
				SWIFT_VERSION = 5.0;
				TARGETED_DEVICE_FAMILY = "1,2";
			};
			name = Release;
		};
		0E06853A2B71206F00CEAD88 /* Debug */ = {
			isa = XCBuildConfiguration;
			buildSettings = {
				ALWAYS_EMBED_SWIFT_STANDARD_LIBRARIES = YES;
				BUNDLE_LOADER = "$(TEST_HOST)";
				CODE_SIGN_STYLE = Automatic;
				CURRENT_PROJECT_VERSION = 1;
				GENERATE_INFOPLIST_FILE = YES;
				IPHONEOS_DEPLOYMENT_TARGET = 17.2;
				MARKETING_VERSION = 1.0;
				PRODUCT_BUNDLE_IDENTIFIER = "com.sample.Meal-AppTests";
				PRODUCT_NAME = "$(TARGET_NAME)";
				SWIFT_EMIT_LOC_STRINGS = NO;
				SWIFT_VERSION = 5.0;
				TARGETED_DEVICE_FAMILY = "1,2";
				TEST_HOST = "$(BUILT_PRODUCTS_DIR)/Meal-App.app/$(BUNDLE_EXECUTABLE_FOLDER_PATH)/Meal-App";
			};
			name = Debug;
		};
		0E06853B2B71206F00CEAD88 /* Release */ = {
			isa = XCBuildConfiguration;
			buildSettings = {
				ALWAYS_EMBED_SWIFT_STANDARD_LIBRARIES = YES;
				BUNDLE_LOADER = "$(TEST_HOST)";
				CODE_SIGN_STYLE = Automatic;
				CURRENT_PROJECT_VERSION = 1;
				GENERATE_INFOPLIST_FILE = YES;
				IPHONEOS_DEPLOYMENT_TARGET = 17.2;
				MARKETING_VERSION = 1.0;
				PRODUCT_BUNDLE_IDENTIFIER = "com.sample.Meal-AppTests";
				PRODUCT_NAME = "$(TARGET_NAME)";
				SWIFT_EMIT_LOC_STRINGS = NO;
				SWIFT_VERSION = 5.0;
				TARGETED_DEVICE_FAMILY = "1,2";
				TEST_HOST = "$(BUILT_PRODUCTS_DIR)/Meal-App.app/$(BUNDLE_EXECUTABLE_FOLDER_PATH)/Meal-App";
			};
			name = Release;
		};
/* End XCBuildConfiguration section */

/* Begin XCConfigurationList section */
		0E06850D2B71206E00CEAD88 /* Build configuration list for PBXProject "Meal-App" */ = {
			isa = XCConfigurationList;
			buildConfigurations = (
				0E0685342B71206F00CEAD88 /* Debug */,
				0E0685352B71206F00CEAD88 /* Release */,
			);
			defaultConfigurationIsVisible = 0;
			defaultConfigurationName = Release;
		};
		0E0685362B71206F00CEAD88 /* Build configuration list for PBXNativeTarget "Meal-App" */ = {
			isa = XCConfigurationList;
			buildConfigurations = (
				0E0685372B71206F00CEAD88 /* Debug */,
				0E0685382B71206F00CEAD88 /* Release */,
			);
			defaultConfigurationIsVisible = 0;
			defaultConfigurationName = Release;
		};
		0E0685392B71206F00CEAD88 /* Build configuration list for PBXNativeTarget "Meal-AppTests" */ = {
			isa = XCConfigurationList;
			buildConfigurations = (
				0E06853A2B71206F00CEAD88 /* Debug */,
				0E06853B2B71206F00CEAD88 /* Release */,
			);
			defaultConfigurationIsVisible = 0;
			defaultConfigurationName = Release;
		};
/* End XCConfigurationList section */
	};
	rootObject = 0E06850A2B71206E00CEAD88 /* Project object */;
}
